
Microsoft Visual Studio Solution File, Format Version 12.00
# Visual Studio Version 16
VisualStudioVersion = 16.0.31624.102
MinimumVisualStudioVersion = 10.0.40219.1
Project("{FAE04EC0-301F-11D3-BF4B-00C04F79EFBC}") = "LSchedule.Android", "LSchedule.Android\LSchedule.Android.csproj", "{81E8DA00-8C21-4138-BD56-E1CD222B03C6}"
EndProject
Project("{FAE04EC0-301F-11D3-BF4B-00C04F79EFBC}") = "LSchedule.iOS", "LSchedule.iOS\LSchedule.iOS.csproj", "{8BC15192-4569-4F65-BFB9-87675CD92300}"
EndProject
Project("{FAE04EC0-301F-11D3-BF4B-00C04F79EFBC}") = "LSchedule", "LSchedule\LSchedule.csproj", "{D6530CB0-9C71-414D-AADC-2A5D8A105E27}"
EndProject
Global
	GlobalSection(SolutionConfigurationPlatforms) = preSolution
		Debug|Any CPU = Debug|Any CPU
		Debug|iPhone = Debug|iPhone
		Debug|iPhoneSimulator = Debug|iPhoneSimulator
		Release|Any CPU = Release|Any CPU
		Release|iPhone = Release|iPhone
		Release|iPhoneSimulator = Release|iPhoneSimulator
	EndGlobalSection
	GlobalSection(ProjectConfigurationPlatforms) = postSolution
		{81E8DA00-8C21-4138-BD56-E1CD222B03C6}.Debug|Any CPU.ActiveCfg = Debug|Any CPU
		{81E8DA00-8C21-4138-BD56-E1CD222B03C6}.Debug|Any CPU.Build.0 = Debug|Any CPU
		{81E8DA00-8C21-4138-BD56-E1CD222B03C6}.Debug|Any CPU.Deploy.0 = Debug|Any CPU
		{81E8DA00-8C21-4138-BD56-E1CD222B03C6}.Debug|iPhone.ActiveCfg = Debug|Any CPU
		{81E8DA00-8C21-4138-BD56-E1CD222B03C6}.Debug|iPhone.Build.0 = Debug|Any CPU
		{81E8DA00-8C21-4138-BD56-E1CD222B03C6}.Debug|iPhone.Deploy.0 = Debug|Any CPU
		{81E8DA00-8C21-4138-BD56-E1CD222B03C6}.Debug|iPhoneSimulator.ActiveCfg = Debug|Any CPU
		{81E8DA00-8C21-4138-BD56-E1CD222B03C6}.Debug|iPhoneSimulator.Build.0 = Debug|Any CPU
		{81E8DA00-8C21-4138-BD56-E1CD222B03C6}.Debug|iPhoneSimulator.Deploy.0 = Debug|Any CPU
		{81E8DA00-8C21-4138-BD56-E1CD222B03C6}.Release|Any CPU.ActiveCfg = Release|Any CPU
		{81E8DA00-8C21-4138-BD56-E1CD222B03C6}.Release|Any CPU.Build.0 = Release|Any CPU
		{81E8DA00-8C21-4138-BD56-E1CD222B03C6}.Release|Any CPU.Deploy.0 = Release|Any CPU
		{81E8DA00-8C21-4138-BD56-E1CD222B03C6}.Release|iPhone.ActiveCfg = Release|Any CPU
		{81E8DA00-8C21-4138-BD56-E1CD222B03C6}.Release|iPhone.Build.0 = Release|Any CPU
		{81E8DA00-8C21-4138-BD56-E1CD222B03C6}.Release|iPhone.Deploy.0 = Release|Any CPU
		{81E8DA00-8C21-4138-BD56-E1CD222B03C6}.Release|iPhoneSimulator.ActiveCfg = Release|Any CPU
		{81E8DA00-8C21-4138-BD56-E1CD222B03C6}.Release|iPhoneSimulator.Build.0 = Release|Any CPU
		{81E8DA00-8C21-4138-BD56-E1CD222B03C6}.Release|iPhoneSimulator.Deploy.0 = Release|Any CPU
		{8BC15192-4569-4F65-BFB9-87675CD92300}.Debug|Any CPU.ActiveCfg = Debug|iPhone
		{8BC15192-4569-4F65-BFB9-87675CD92300}.Debug|Any CPU.Build.0 = Debug|iPhone
		{8BC15192-4569-4F65-BFB9-87675CD92300}.Debug|Any CPU.Deploy.0 = Debug|iPhone
		{8BC15192-4569-4F65-BFB9-87675CD92300}.Debug|iPhone.ActiveCfg = Debug|iPhone
		{8BC15192-4569-4F65-BFB9-87675CD92300}.Debug|iPhone.Build.0 = Debug|iPhone
		{8BC15192-4569-4F65-BFB9-87675CD92300}.Debug|iPhone.Deploy.0 = Debug|iPhone
		{8BC15192-4569-4F65-BFB9-87675CD92300}.Debug|iPhoneSimulator.ActiveCfg = Debug|iPhoneSimulator
		{8BC15192-4569-4F65-BFB9-87675CD92300}.Debug|iPhoneSimulator.Build.0 = Debug|iPhoneSimulator
		{8BC15192-4569-4F65-BFB9-87675CD92300}.Debug|iPhoneSimulator.Deploy.0 = Debug|iPhoneSimulator
		{8BC15192-4569-4F65-BFB9-87675CD92300}.Release|Any CPU.ActiveCfg = Release|iPhoneSimulator
		{8BC15192-4569-4F65-BFB9-87675CD92300}.Release|Any CPU.Build.0 = Release|iPhoneSimulator
		{8BC15192-4569-4F65-BFB9-87675CD92300}.Release|Any CPU.Deploy.0 = Release|iPhoneSimulator
		{8BC15192-4569-4F65-BFB9-87675CD92300}.Release|iPhone.ActiveCfg = Release|iPhone
		{8BC15192-4569-4F65-BFB9-87675CD92300}.Release|iPhone.Build.0 = Release|iPhone
		{8BC15192-4569-4F65-BFB9-87675CD92300}.Release|iPhone.Deploy.0 = Release|iPhone
		{8BC15192-4569-4F65-BFB9-87675CD92300}.Release|iPhoneSimulator.ActiveCfg = Release|iPhoneSimulator
		{8BC15192-4569-4F65-BFB9-87675CD92300}.Release|iPhoneSimulator.Build.0 = Release|iPhoneSimulator
		{8BC15192-4569-4F65-BFB9-87675CD92300}.Release|iPhoneSimulator.Deploy.0 = Release|iPhoneSimulator
		{D6530CB0-9C71-414D-AADC-2A5D8A105E27}.Debug|Any CPU.ActiveCfg = Debug|Any CPU
		{D6530CB0-9C71-414D-AADC-2A5D8A105E27}.Debug|Any CPU.Build.0 = Debug|Any CPU
		{D6530CB0-9C71-414D-AADC-2A5D8A105E27}.Debug|Any CPU.Deploy.0 = Debug|Any CPU
		{D6530CB0-9C71-414D-AADC-2A5D8A105E27}.Debug|iPhone.ActiveCfg = Debug|Any CPU
		{D6530CB0-9C71-414D-AADC-2A5D8A105E27}.Debug|iPhone.Build.0 = Debug|Any CPU
		{D6530CB0-9C71-414D-AADC-2A5D8A105E27}.Debug|iPhone.Deploy.0 = Debug|Any CPU
		{D6530CB0-9C71-414D-AADC-2A5D8A105E27}.Debug|iPhoneSimulator.ActiveCfg = Debug|Any CPU
		{D6530CB0-9C71-414D-AADC-2A5D8A105E27}.Debug|iPhoneSimulator.Build.0 = Debug|Any CPU
		{D6530CB0-9C71-414D-AADC-2A5D8A105E27}.Debug|iPhoneSimulator.Deploy.0 = Debug|Any CPU
		{D6530CB0-9C71-414D-AADC-2A5D8A105E27}.Release|Any CPU.ActiveCfg = Release|Any CPU
		{D6530CB0-9C71-414D-AADC-2A5D8A105E27}.Release|Any CPU.Build.0 = Release|Any CPU
		{D6530CB0-9C71-414D-AADC-2A5D8A105E27}.Release|Any CPU.Deploy.0 = Release|Any CPU
		{D6530CB0-9C71-414D-AADC-2A5D8A105E27}.Release|iPhone.ActiveCfg = Release|Any CPU
		{D6530CB0-9C71-414D-AADC-2A5D8A105E27}.Release|iPhone.Build.0 = Release|Any CPU
		{D6530CB0-9C71-414D-AADC-2A5D8A105E27}.Release|iPhone.Deploy.0 = Release|Any CPU
		{D6530CB0-9C71-414D-AADC-2A5D8A105E27}.Release|iPhoneSimulator.ActiveCfg = Release|Any CPU
		{D6530CB0-9C71-414D-AADC-2A5D8A105E27}.Release|iPhoneSimulator.Build.0 = Release|Any CPU
		{D6530CB0-9C71-414D-AADC-2A5D8A105E27}.Release|iPhoneSimulator.Deploy.0 = Release|Any CPU
	EndGlobalSection
	GlobalSection(SolutionProperties) = preSolution
		HideSolutionNode = FALSE
	EndGlobalSection
	GlobalSection(ExtensibilityGlobals) = postSolution
		SolutionGuid = {89EAC3DD-6B45-4242-815C-FD7B4B151375}
	EndGlobalSection
EndGlobal
